
Microsoft Visual Studio Solution File, Format Version 12.00
# Visual Studio Version 16
VisualStudioVersion = 16.0.31729.503
MinimumVisualStudioVersion = 10.0.40219.1
Project("{FAE04EC0-301F-11D3-BF4B-00C04F79EFBC}") = "ServiPlusApp", "..\..\..\..\source\repos\ServiPlusApp\ServiPlusApp\ServiPlusApp.csproj", "{44309A33-719B-43BB-B40D-23661015163B}"
EndProject
Global
	GlobalSection(SolutionConfigurationPlatforms) = preSolution
		Debug|Any CPU = Debug|Any CPU
		Release|Any CPU = Release|Any CPU
	EndGlobalSection
	GlobalSection(ProjectConfigurationPlatforms) = postSolution
		{44309A33-719B-43BB-B40D-23661015163B}.Debug|Any CPU.ActiveCfg = Debug|Any CPU
		{44309A33-719B-43BB-B40D-23661015163B}.Debug|Any CPU.Build.0 = Debug|Any CPU
		{44309A33-719B-43BB-B40D-23661015163B}.Release|Any CPU.ActiveCfg = Release|Any CPU
		{44309A33-719B-43BB-B40D-23661015163B}.Release|Any CPU.Build.0 = Release|Any CPU
	EndGlobalSection
	GlobalSection(SolutionProperties) = preSolution
		HideSolutionNode = FALSE
	EndGlobalSection
	GlobalSection(ExtensibilityGlobals) = postSolution
		SolutionGuid = {557025A9-84FD-4D12-9BE3-CC4C3BE4A8D5}
	EndGlobalSection
EndGlobal
